
Microsoft Visual Studio Solution File, Format Version 11.00
# Visual C# Express 2010
Project("{FAE04EC0-301F-11D3-BF4B-00C04F79EFBC}") = "PeonLib", "PeonLib\PeonLib.csproj", "{407AD17D-DFAB-44FA-A2F9-355C86A62FC1}"
EndProject
Project("{FAE04EC0-301F-11D3-BF4B-00C04F79EFBC}") = "PeonLauncher", "PeonLauncher\PeonLauncher.csproj", "{3BEE5010-2C85-424B-9787-5548CA66D477}"
EndProject
Global
	GlobalSection(SolutionConfigurationPlatforms) = preSolution
		Debug|Any CPU = Debug|Any CPU
		Release|Any CPU = Release|Any CPU
	EndGlobalSection
	GlobalSection(ProjectConfigurationPlatforms) = postSolution
		{407AD17D-DFAB-44FA-A2F9-355C86A62FC1}.Debug|Any CPU.ActiveCfg = Debug|Any CPU
		{407AD17D-DFAB-44FA-A2F9-355C86A62FC1}.Debug|Any CPU.Build.0 = Debug|Any CPU
		{407AD17D-DFAB-44FA-A2F9-355C86A62FC1}.Release|Any CPU.ActiveCfg = Release|Any CPU
		{407AD17D-DFAB-44FA-A2F9-355C86A62FC1}.Release|Any CPU.Build.0 = Release|Any CPU
		{3BEE5010-2C85-424B-9787-5548CA66D477}.Debug|Any CPU.ActiveCfg = Debug|Any CPU
		{3BEE5010-2C85-424B-9787-5548CA66D477}.Debug|Any CPU.Build.0 = Debug|Any CPU
		{3BEE5010-2C85-424B-9787-5548CA66D477}.Release|Any CPU.ActiveCfg = Release|Any CPU
		{3BEE5010-2C85-424B-9787-5548CA66D477}.Release|Any CPU.Build.0 = Release|Any CPU
	EndGlobalSection
	GlobalSection(SolutionProperties) = preSolution
		HideSolutionNode = FALSE
	EndGlobalSection
EndGlobal
